
Microsoft Visual Studio Solution File, Format Version 12.00
# Visual Studio Version 16
VisualStudioVersion = 16.0.29324.140
MinimumVisualStudioVersion = 10.0.40219.1
Project("{FAE04EC0-301F-11D3-BF4B-00C04F79EFBC}") = "ClientTaskWebAPI_v1", "ClientTaskWebAPI_v1\ClientTaskWebAPI_v1.csproj", "{1990AC9C-31E7-4411-B729-A0786EDA8A47}"
EndProject
Global
	GlobalSection(SolutionConfigurationPlatforms) = preSolution
		Debug|Any CPU = Debug|Any CPU
		Release|Any CPU = Release|Any CPU
	EndGlobalSection
	GlobalSection(ProjectConfigurationPlatforms) = postSolution
		{1990AC9C-31E7-4411-B729-A0786EDA8A47}.Debug|Any CPU.ActiveCfg = Debug|Any CPU
		{1990AC9C-31E7-4411-B729-A0786EDA8A47}.Debug|Any CPU.Build.0 = Debug|Any CPU
		{1990AC9C-31E7-4411-B729-A0786EDA8A47}.Release|Any CPU.ActiveCfg = Release|Any CPU
		{1990AC9C-31E7-4411-B729-A0786EDA8A47}.Release|Any CPU.Build.0 = Release|Any CPU
	EndGlobalSection
	GlobalSection(SolutionProperties) = preSolution
		HideSolutionNode = FALSE
	EndGlobalSection
	GlobalSection(ExtensibilityGlobals) = postSolution
		SolutionGuid = {2FB1DF63-B5F2-464E-B7B9-57129F228A07}
	EndGlobalSection
EndGlobal
